
Microsoft Visual Studio Solution File, Format Version 12.00
# Visual Studio 2013
VisualStudioVersion = 12.0.40629.0
MinimumVisualStudioVersion = 10.0.40219.1
Project("{8BC9CEB8-8B4A-11D0-8D11-00A0C91BC942}") = "ch11_10", "ch11_10\ch11_10.vcxproj", "{1E317F14-DE09-49F2-9A3C-5E602D5A2965}"
EndProject
Project("{8BC9CEB8-8B4A-11D0-8D11-00A0C91BC942}") = "ch11_01", "ch11_01\ch11_01.vcxproj", "{91B1BA63-86E0-416D-B593-83E0B55606C7}"
EndProject
Project("{8BC9CEB8-8B4A-11D0-8D11-00A0C91BC942}") = "ch11_09", "ch11_09\ch11_09.vcxproj", "{5196B026-F654-4CBB-8729-4191B1F9D484}"
EndProject
Project("{8BC9CEB8-8B4A-11D0-8D11-00A0C91BC942}") = "ch11_11", "ch11_11\ch11_11.vcxproj", "{258CA27A-79D3-4DEE-AE6F-2A88A2B4591D}"
EndProject
Project("{8BC9CEB8-8B4A-11D0-8D11-00A0C91BC942}") = "ch11_02", "ch11_02\ch11_02.vcxproj", "{A82262BB-9EB3-460F-BB29-11F3F8C9DD3E}"
EndProject
Project("{8BC9CEB8-8B4A-11D0-8D11-00A0C91BC942}") = "ch11_03", "ch11_03\ch11_03.vcxproj", "{0782D774-A0F4-4D76-B55F-3E0644588950}"
EndProject
Project("{8BC9CEB8-8B4A-11D0-8D11-00A0C91BC942}") = "ch11_04", "ch11_04\ch11_04.vcxproj", "{DC0FCF63-0EEF-4201-BF6B-31EE3004B770}"
EndProject
Project("{8BC9CEB8-8B4A-11D0-8D11-00A0C91BC942}") = "ch11_05", "ch11_05\ch11_05.vcxproj", "{8135A20E-D295-4E32-81AE-60D6F2ED1068}"
EndProject
Project("{8BC9CEB8-8B4A-11D0-8D11-00A0C91BC942}") = "ch11_06", "ch11_06\ch11_06.vcxproj", "{2C8E7E41-FA99-41B6-B641-EDD56DC9A41B}"
EndProject
Project("{8BC9CEB8-8B4A-11D0-8D11-00A0C91BC942}") = "ch11_07", "ch11_07\ch11_07.vcxproj", "{3FFE4A59-CFD2-4B73-BAEC-2E287E2B3EB2}"
EndProject
Project("{8BC9CEB8-8B4A-11D0-8D11-00A0C91BC942}") = "ch11_08", "ch11_08\ch11_08.vcxproj", "{5108A72A-3C85-4D50-BBDA-4D08E72EEF39}"
EndProject
Global
	GlobalSection(SolutionConfigurationPlatforms) = preSolution
		Debug|Win32 = Debug|Win32
		Release|Win32 = Release|Win32
	EndGlobalSection
	GlobalSection(ProjectConfigurationPlatforms) = postSolution
		{1E317F14-DE09-49F2-9A3C-5E602D5A2965}.Debug|Win32.ActiveCfg = Debug|Win32
		{1E317F14-DE09-49F2-9A3C-5E602D5A2965}.Debug|Win32.Build.0 = Debug|Win32
		{1E317F14-DE09-49F2-9A3C-5E602D5A2965}.Release|Win32.ActiveCfg = Release|Win32
		{1E317F14-DE09-49F2-9A3C-5E602D5A2965}.Release|Win32.Build.0 = Release|Win32
		{91B1BA63-86E0-416D-B593-83E0B55606C7}.Debug|Win32.ActiveCfg = Debug|Win32
		{91B1BA63-86E0-416D-B593-83E0B55606C7}.Debug|Win32.Build.0 = Debug|Win32
		{91B1BA63-86E0-416D-B593-83E0B55606C7}.Release|Win32.ActiveCfg = Release|Win32
		{91B1BA63-86E0-416D-B593-83E0B55606C7}.Release|Win32.Build.0 = Release|Win32
		{5196B026-F654-4CBB-8729-4191B1F9D484}.Debug|Win32.ActiveCfg = Debug|Win32
		{5196B026-F654-4CBB-8729-4191B1F9D484}.Debug|Win32.Build.0 = Debug|Win32
		{5196B026-F654-4CBB-8729-4191B1F9D484}.Release|Win32.ActiveCfg = Release|Win32
		{5196B026-F654-4CBB-8729-4191B1F9D484}.Release|Win32.Build.0 = Release|Win32
		{258CA27A-79D3-4DEE-AE6F-2A88A2B4591D}.Debug|Win32.ActiveCfg = Debug|Win32
		{258CA27A-79D3-4DEE-AE6F-2A88A2B4591D}.Debug|Win32.Build.0 = Debug|Win32
		{258CA27A-79D3-4DEE-AE6F-2A88A2B4591D}.Release|Win32.ActiveCfg = Release|Win32
		{258CA27A-79D3-4DEE-AE6F-2A88A2B4591D}.Release|Win32.Build.0 = Release|Win32
		{A82262BB-9EB3-460F-BB29-11F3F8C9DD3E}.Debug|Win32.ActiveCfg = Debug|Win32
		{A82262BB-9EB3-460F-BB29-11F3F8C9DD3E}.Debug|Win32.Build.0 = Debug|Win32
		{A82262BB-9EB3-460F-BB29-11F3F8C9DD3E}.Release|Win32.ActiveCfg = Release|Win32
		{A82262BB-9EB3-460F-BB29-11F3F8C9DD3E}.Release|Win32.Build.0 = Release|Win32
		{0782D774-A0F4-4D76-B55F-3E0644588950}.Debug|Win32.ActiveCfg = Debug|Win32
		{0782D774-A0F4-4D76-B55F-3E0644588950}.Debug|Win32.Build.0 = Debug|Win32
		{0782D774-A0F4-4D76-B55F-3E0644588950}.Release|Win32.ActiveCfg = Release|Win32
		{0782D774-A0F4-4D76-B55F-3E0644588950}.Release|Win32.Build.0 = Release|Win32
		{DC0FCF63-0EEF-4201-BF6B-31EE3004B770}.Debug|Win32.ActiveCfg = Debug|Win32
		{DC0FCF63-0EEF-4201-BF6B-31EE3004B770}.Debug|Win32.Build.0 = Debug|Win32
		{DC0FCF63-0EEF-4201-BF6B-31EE3004B770}.Release|Win32.ActiveCfg = Release|Win32
		{DC0FCF63-0EEF-4201-BF6B-31EE3004B770}.Release|Win32.Build.0 = Release|Win32
		{8135A20E-D295-4E32-81AE-60D6F2ED1068}.Debug|Win32.ActiveCfg = Debug|Win32
		{8135A20E-D295-4E32-81AE-60D6F2ED1068}.Debug|Win32.Build.0 = Debug|Win32
		{8135A20E-D295-4E32-81AE-60D6F2ED1068}.Release|Win32.ActiveCfg = Release|Win32
		{8135A20E-D295-4E32-81AE-60D6F2ED1068}.Release|Win32.Build.0 = Release|Win32
		{2C8E7E41-FA99-41B6-B641-EDD56DC9A41B}.Debug|Win32.ActiveCfg = Debug|Win32
		{2C8E7E41-FA99-41B6-B641-EDD56DC9A41B}.Debug|Win32.Build.0 = Debug|Win32
		{2C8E7E41-FA99-41B6-B641-EDD56DC9A41B}.Release|Win32.ActiveCfg = Release|Win32
		{2C8E7E41-FA99-41B6-B641-EDD56DC9A41B}.Release|Win32.Build.0 = Release|Win32
		{3FFE4A59-CFD2-4B73-BAEC-2E287E2B3EB2}.Debug|Win32.ActiveCfg = Debug|Win32
		{3FFE4A59-CFD2-4B73-BAEC-2E287E2B3EB2}.Debug|Win32.Build.0 = Debug|Win32
		{3FFE4A59-CFD2-4B73-BAEC-2E287E2B3EB2}.Release|Win32.ActiveCfg = Release|Win32
		{3FFE4A59-CFD2-4B73-BAEC-2E287E2B3EB2}.Release|Win32.Build.0 = Release|Win32
		{5108A72A-3C85-4D50-BBDA-4D08E72EEF39}.Debug|Win32.ActiveCfg = Debug|Win32
		{5108A72A-3C85-4D50-BBDA-4D08E72EEF39}.Debug|Win32.Build.0 = Debug|Win32
		{5108A72A-3C85-4D50-BBDA-4D08E72EEF39}.Release|Win32.ActiveCfg = Release|Win32
		{5108A72A-3C85-4D50-BBDA-4D08E72EEF39}.Release|Win32.Build.0 = Release|Win32
	EndGlobalSection
	GlobalSection(SolutionProperties) = preSolution
		HideSolutionNode = FALSE
	EndGlobalSection
EndGlobal
