
Microsoft Visual Studio Solution File, Format Version 12.00
# Visual Studio 2013
VisualStudioVersion = 12.0.40629.0
MinimumVisualStudioVersion = 10.0.40219.1
Project("{8BC9CEB8-8B4A-11D0-8D11-00A0C91BC942}") = "ch11_10", "ch11_10\ch11_10.vcxproj", "{1E317F14-DE09-49F2-9A3C-5E602D5A2965}"
EndProject
Project("{8BC9CEB8-8B4A-11D0-8D11-00A0C91BC942}") = "ch11_01", "ch11_01\ch11_01.vcxproj", "{91B1BA63-86E0-416D-B593-83E0B55606C7}"
EndProject
Project("{8BC9CEB8-8B4A-11D0-8D11-00A0C91BC942}") = "ch11_09", "ch11_09\ch11_09.vcxproj", "{5196B026-F654-4CBB-8729-4191B1F9D484}"
EndProject
Project("{8BC9CEB8-8B4A-11D0-8D11-00A0C91BC942}") = "ch11_11", "ch11_11\ch11_11.vcxproj", "{258CA27A-79D3-4DEE-AE6F-2A88A2B4591D}"
EndProject
Global
	GlobalSection(SolutionConfigurationPlatforms) = preSolution
		Debug|Win32 = Debug|Win32
		Release|Win32 = Release|Win32
	EndGlobalSection
	GlobalSection(ProjectConfigurationPlatforms) = postSolution
		{1E317F14-DE09-49F2-9A3C-5E602D5A2965}.Debug|Win32.ActiveCfg = Debug|Win32
		{1E317F14-DE09-49F2-9A3C-5E602D5A2965}.Debug|Win32.Build.0 = Debug|Win32
		{1E317F14-DE09-49F2-9A3C-5E602D5A2965}.Release|Win32.ActiveCfg = Release|Win32
		{1E317F14-DE09-49F2-9A3C-5E602D5A2965}.Release|Win32.Build.0 = Release|Win32
		{91B1BA63-86E0-416D-B593-83E0B55606C7}.Debug|Win32.ActiveCfg = Debug|Win32
		{91B1BA63-86E0-416D-B593-83E0B55606C7}.Debug|Win32.Build.0 = Debug|Win32
		{91B1BA63-86E0-416D-B593-83E0B55606C7}.Release|Win32.ActiveCfg = Release|Win32
		{91B1BA63-86E0-416D-B593-83E0B55606C7}.Release|Win32.Build.0 = Release|Win32
		{5196B026-F654-4CBB-8729-4191B1F9D484}.Debug|Win32.ActiveCfg = Debug|Win32
		{5196B026-F654-4CBB-8729-4191B1F9D484}.Debug|Win32.Build.0 = Debug|Win32
		{5196B026-F654-4CBB-8729-4191B1F9D484}.Release|Win32.ActiveCfg = Release|Win32
		{5196B026-F654-4CBB-8729-4191B1F9D484}.Release|Win32.Build.0 = Release|Win32
		{258CA27A-79D3-4DEE-AE6F-2A88A2B4591D}.Debug|Win32.ActiveCfg = Debug|Win32
		{258CA27A-79D3-4DEE-AE6F-2A88A2B4591D}.Debug|Win32.Build.0 = Debug|Win32
		{258CA27A-79D3-4DEE-AE6F-2A88A2B4591D}.Release|Win32.ActiveCfg = Release|Win32
		{258CA27A-79D3-4DEE-AE6F-2A88A2B4591D}.Release|Win32.Build.0 = Release|Win32
	EndGlobalSection
	GlobalSection(SolutionProperties) = preSolution
		HideSolutionNode = FALSE
	EndGlobalSection
EndGlobal
